// !$*UTF8*$!
{
	archiveVersion = 1;
	classes = {
	};
	objectVersion = 50;
	objects = {

/* Begin PBXBuildFile section */
		A36BB99924D050C60005CE37 /* AppDelegate.swift in Sources */ = {isa = PBXBuildFile; fileRef = A36BB99824D050C60005CE37 /* AppDelegate.swift */; };
		A36BB99B24D050C60005CE37 /* SceneDelegate.swift in Sources */ = {isa = PBXBuildFile; fileRef = A36BB99A24D050C60005CE37 /* SceneDelegate.swift */; };
		A36BB99D24D050C60005CE37 /* ViewController.swift in Sources */ = {isa = PBXBuildFile; fileRef = A36BB99C24D050C60005CE37 /* ViewController.swift */; };
		A36BB9A024D050C60005CE37 /* Main.storyboard in Resources */ = {isa = PBXBuildFile; fileRef = A36BB99E24D050C60005CE37 /* Main.storyboard */; };
		A36BB9A224D050C70005CE37 /* Assets.xcassets in Resources */ = {isa = PBXBuildFile; fileRef = A36BB9A124D050C70005CE37 /* Assets.xcassets */; };
		A36BB9A524D050C70005CE37 /* LaunchScreen.storyboard in Resources */ = {isa = PBXBuildFile; fileRef = A36BB9A324D050C70005CE37 /* LaunchScreen.storyboard */; };
		A36BB9AE24D051420005CE37 /* PopoverViewController.swift in Sources */ = {isa = PBXBuildFile; fileRef = A36BB9AC24D051420005CE37 /* PopoverViewController.swift */; };
		A36BB9AF24D051420005CE37 /* PopoverViewController.xib in Resources */ = {isa = PBXBuildFile; fileRef = A36BB9AD24D051420005CE37 /* PopoverViewController.xib */; };
/* End PBXBuildFile section */

/* Begin PBXFileReference section */
		A36BB99524D050C60005CE37 /* JWPopover.app */ = {isa = PBXFileReference; explicitFileType = wrapper.application; includeInIndex = 0; path = JWPopover.app; sourceTree = BUILT_PRODUCTS_DIR; };
		A36BB99824D050C60005CE37 /* AppDelegate.swift */ = {isa = PBXFileReference; lastKnownFileType = sourcecode.swift; path = AppDelegate.swift; sourceTree = "<group>"; };
		A36BB99A24D050C60005CE37 /* SceneDelegate.swift */ = {isa = PBXFileReference; lastKnownFileType = sourcecode.swift; path = SceneDelegate.swift; sourceTree = "<group>"; };
		A36BB99C24D050C60005CE37 /* ViewController.swift */ = {isa = PBXFileReference; lastKnownFileType = sourcecode.swift; path = ViewController.swift; sourceTree = "<group>"; };
		A36BB99F24D050C60005CE37 /* Base */ = {isa = PBXFileReference; lastKnownFileType = file.storyboard; name = Base; path = Base.lproj/Main.storyboard; sourceTree = "<group>"; };
		A36BB9A124D050C70005CE37 /* Assets.xcassets */ = {isa = PBXFileReference; lastKnownFileType = folder.assetcatalog; path = Assets.xcassets; sourceTree = "<group>"; };
		A36BB9A424D050C70005CE37 /* Base */ = {isa = PBXFileReference; lastKnownFileType = file.storyboard; name = Base; path = Base.lproj/LaunchScreen.storyboard; sourceTree = "<group>"; };
		A36BB9A624D050C70005CE37 /* Info.plist */ = {isa = PBXFileReference; lastKnownFileType = text.plist.xml; path = Info.plist; sourceTree = "<group>"; };
		A36BB9AC24D051420005CE37 /* PopoverViewController.swift */ = {isa = PBXFileReference; lastKnownFileType = sourcecode.swift; path = PopoverViewController.swift; sourceTree = "<group>"; };
		A36BB9AD24D051420005CE37 /* PopoverViewController.xib */ = {isa = PBXFileReference; lastKnownFileType = file.xib; path = PopoverViewController.xib; sourceTree = "<group>"; };
/* End PBXFileReference section */

/* Begin PBXFrameworksBuildPhase section */
		A36BB99224D050C60005CE37 /* Frameworks */ = {
			isa = PBXFrameworksBuildPhase;
			buildActionMask = 2147483647;
			files = (
			);
			runOnlyForDeploymentPostprocessing = 0;
		};
/* End PBXFrameworksBuildPhase section */

/* Begin PBXGroup section */
		A36BB98C24D050C60005CE37 = {
			isa = PBXGroup;
			children = (
				A36BB99724D050C60005CE37 /* JWPopover */,
				A36BB99624D050C60005CE37 /* Products */,
			);
			sourceTree = "<group>";
		};
		A36BB99624D050C60005CE37 /* Products */ = {
			isa = PBXGroup;
			children = (
				A36BB99524D050C60005CE37 /* JWPopover.app */,
			);
			name = Products;
			sourceTree = "<group>";
		};
		A36BB99724D050C60005CE37 /* JWPopover */ = {
			isa = PBXGroup;
			children = (
				A36BB99824D050C60005CE37 /* AppDelegate.swift */,
				A36BB99A24D050C60005CE37 /* SceneDelegate.swift */,
				A36BB99C24D050C60005CE37 /* ViewController.swift */,
				A36BB99E24D050C60005CE37 /* Main.storyboard */,
				A36BB9A124D050C70005CE37 /* Assets.xcassets */,
				A36BB9A324D050C70005CE37 /* LaunchScreen.storyboard */,
				A36BB9A624D050C70005CE37 /* Info.plist */,
				A36BB9AC24D051420005CE37 /* PopoverViewController.swift */,
				A36BB9AD24D051420005CE37 /* PopoverViewController.xib */,
			);
			path = JWPopover;
			sourceTree = "<group>";
		};
/* End PBXGroup section */

/* Begin PBXNativeTarget section */
		A36BB99424D050C60005CE37 /* JWPopover */ = {
			isa = PBXNativeTarget;
			buildConfigurationList = A36BB9A924D050C70005CE37 /* Build configuration list for PBXNativeTarget "JWPopover" */;
			buildPhases = (
				A36BB99124D050C60005CE37 /* Sources */,
				A36BB99224D050C60005CE37 /* Frameworks */,
				A36BB99324D050C60005CE37 /* Resources */,
			);
			buildRules = (
			);
			dependencies = (
			);
			name = JWPopover;
			productName = JWPopover;
			productReference = A36BB99524D050C60005CE37 /* JWPopover.app */;
			productType = "com.apple.product-type.application";
		};
/* End PBXNativeTarget section */

/* Begin PBXProject section */
		A36BB98D24D050C60005CE37 /* Project object */ = {
			isa = PBXProject;
			attributes = {
				LastSwiftUpdateCheck = 1160;
				LastUpgradeCheck = 1160;
				ORGANIZATIONNAME = JW_Macbook;
				TargetAttributes = {
					A36BB99424D050C60005CE37 = {
						CreatedOnToolsVersion = 11.6;
					};
				};
			};
			buildConfigurationList = A36BB99024D050C60005CE37 /* Build configuration list for PBXProject "JWPopover" */;
			compatibilityVersion = "Xcode 9.3";
			developmentRegion = en;
			hasScannedForEncodings = 0;
			knownRegions = (
				en,
				Base,
			);
			mainGroup = A36BB98C24D050C60005CE37;
			productRefGroup = A36BB99624D050C60005CE37 /* Products */;
			projectDirPath = "";
			projectRoot = "";
			targets = (
				A36BB99424D050C60005CE37 /* JWPopover */,
			);
		};
/* End PBXProject section */

/* Begin PBXResourcesBuildPhase section */
		A36BB99324D050C60005CE37 /* Resources */ = {
			isa = PBXResourcesBuildPhase;
			buildActionMask = 2147483647;
			files = (
				A36BB9AF24D051420005CE37 /* PopoverViewController.xib in Resources */,
				A36BB9A524D050C70005CE37 /* LaunchScreen.storyboard in Resources */,
				A36BB9A224D050C70005CE37 /* Assets.xcassets in Resources */,
				A36BB9A024D050C60005CE37 /* Main.storyboard in Resources */,
			);
			runOnlyForDeploymentPostprocessing = 0;
		};
/* End PBXResourcesBuildPhase section */

/* Begin PBXSourcesBuildPhase section */
		A36BB99124D050C60005CE37 /* Sources */ = {
			isa = PBXSourcesBuildPhase;
			buildActionMask = 2147483647;
			files = (
				A36BB9AE24D051420005CE37 /* PopoverViewController.swift in Sources */,
				A36BB99D24D050C60005CE37 /* ViewController.swift in Sources */,
				A36BB99924D050C60005CE37 /* AppDelegate.swift in Sources */,
				A36BB99B24D050C60005CE37 /* SceneDelegate.swift in Sources */,
			);
			runOnlyForDeploymentPostprocessing = 0;
		};
/* End PBXSourcesBuildPhase section */

/* Begin PBXVariantGroup section */
		A36BB99E24D050C60005CE37 /* Main.storyboard */ = {
			isa = PBXVariantGroup;
			children = (
				A36BB99F24D050C60005CE37 /* Base */,
			);
			name = Main.storyboard;
			sourceTree = "<group>";
		};
		A36BB9A324D050C70005CE37 /* LaunchScreen.storyboard */ = {
			isa = PBXVariantGroup;
			children = (
				A36BB9A424D050C70005CE37 /* Base */,
			);
			name = LaunchScreen.storyboard;
			sourceTree = "<group>";
		};
/* End PBXVariantGroup section */

/* Begin XCBuildConfiguration section */
		A36BB9A724D050C70005CE37 /* Debug */ = {
			isa = XCBuildConfiguration;
			buildSettings = {
				ALWAYS_SEARCH_USER_PATHS = NO;
				CLANG_ANALYZER_NONNULL = YES;
				CLANG_ANALYZER_NUMBER_OBJECT_CONVERSION = YES_AGGRESSIVE;
				CLANG_CXX_LANGUAGE_STANDARD = "gnu++14";
				CLANG_CXX_LIBRARY = "libc++";
				CLANG_ENABLE_MODULES = YES;
				CLANG_ENABLE_OBJC_ARC = YES;
				CLANG_ENABLE_OBJC_WEAK = YES;
				CLANG_WARN_BLOCK_CAPTURE_AUTORELEASING = YES;
				CLANG_WARN_BOOL_CONVERSION = YES;
				CLANG_WARN_COMMA = YES;
				CLANG_WARN_CONSTANT_CONVERSION = YES;
				CLANG_WARN_DEPRECATED_OBJC_IMPLEMENTATIONS = YES;
				CLANG_WARN_DIRECT_OBJC_ISA_USAGE = YES_ERROR;
				CLANG_WARN_DOCUMENTATION_COMMENTS = YES;
				CLANG_WARN_EMPTY_BODY = YES;
				CLANG_WARN_ENUM_CONVERSION = YES;
				CLANG_WARN_INFINITE_RECURSION = YES;
				CLANG_WARN_INT_CONVERSION = YES;
				CLANG_WARN_NON_LITERAL_NULL_CONVERSION = YES;
				CLANG_WARN_OBJC_IMPLICIT_RETAIN_SELF = YES;
				CLANG_WARN_OBJC_LITERAL_CONVERSION = YES;
				CLANG_WARN_OBJC_ROOT_CLASS = YES_ERROR;
				CLANG_WARN_RANGE_LOOP_ANALYSIS = YES;
				CLANG_WARN_STRICT_PROTOTYPES = YES;
				CLANG_WARN_SUSPICIOUS_MOVE = YES;
				CLANG_WARN_UNGUARDED_AVAILABILITY = YES_AGGRESSIVE;
				CLANG_WARN_UNREACHABLE_CODE = YES;
				CLANG_WARN__DUPLICATE_METHOD_MATCH = YES;
				COPY_PHASE_STRIP = NO;
				DEBUG_INFORMATION_FORMAT = dwarf;
				ENABLE_STRICT_OBJC_MSGSEND = YES;
				ENABLE_TESTABILITY = YES;
				GCC_C_LANGUAGE_STANDARD = gnu11;
				GCC_DYNAMIC_NO_PIC = NO;
				GCC_NO_COMMON_BLOCKS = YES;
				GCC_OPTIMIZATION_LEVEL = 0;
				GCC_PREPROCESSOR_DEFINITIONS = (
					"DEBUG=1",
					"$(inherited)",
				);
				GCC_WARN_64_TO_32_BIT_CONVERSION = YES;
				GCC_WARN_ABOUT_RETURN_TYPE = YES_ERROR;
				GCC_WARN_UNDECLARED_SELECTOR = YES;
				GCC_WARN_UNINITIALIZED_AUTOS = YES_AGGRESSIVE;
				GCC_WARN_UNUSED_FUNCTION = YES;
				GCC_WARN_UNUSED_VARIABLE = YES;
				IPHONEOS_DEPLOYMENT_TARGET = 13.6;
				MTL_ENABLE_DEBUG_INFO = INCLUDE_SOURCE;
				MTL_FAST_MATH = YES;
				ONLY_ACTIVE_ARCH = YES;
				SDKROOT = iphoneos;
				SWIFT_ACTIVE_COMPILATION_CONDITIONS = DEBUG;
				SWIFT_OPTIMIZATION_LEVEL = "-Onone";
			};
			name = Debug;
		};
		A36BB9A824D050C70005CE37 /* Release */ = {
			isa = XCBuildConfiguration;
			buildSettings = {
				ALWAYS_SEARCH_USER_PATHS = NO;
				CLANG_ANALYZER_NONNULL = YES;
				CLANG_ANALYZER_NUMBER_OBJECT_CONVERSION = YES_AGGRESSIVE;
				CLANG_CXX_LANGUAGE_STANDARD = "gnu++14";
				CLANG_CXX_LIBRARY = "libc++";
				CLANG_ENABLE_MODULES = YES;
				CLANG_ENABLE_OBJC_ARC = YES;
				CLANG_ENABLE_OBJC_WEAK = YES;
				CLANG_WARN_BLOCK_CAPTURE_AUTORELEASING = YES;
				CLANG_WARN_BOOL_CONVERSION = YES;
				CLANG_WARN_COMMA = YES;
				CLANG_WARN_CONSTANT_CONVERSION = YES;
				CLANG_WARN_DEPRECATED_OBJC_IMPLEMENTATIONS = YES;
				CLANG_WARN_DIRECT_OBJC_ISA_USAGE = YES_ERROR;
				CLANG_WARN_DOCUMENTATION_COMMENTS = YES;
				CLANG_WARN_EMPTY_BODY = YES;
				CLANG_WARN_ENUM_CONVERSION = YES;
				CLANG_WARN_INFINITE_RECURSION = YES;
				CLANG_WARN_INT_CONVERSION = YES;
				CLANG_WARN_NON_LITERAL_NULL_CONVERSION = YES;
				CLANG_WARN_OBJC_IMPLICIT_RETAIN_SELF = YES;
				CLANG_WARN_OBJC_LITERAL_CONVERSION = YES;
				CLANG_WARN_OBJC_ROOT_CLASS = YES_ERROR;
				CLANG_WARN_RANGE_LOOP_ANALYSIS = YES;
				CLANG_WARN_STRICT_PROTOTYPES = YES;
				CLANG_WARN_SUSPICIOUS_MOVE = YES;
				CLANG_WARN_UNGUARDED_AVAILABILITY = YES_AGGRESSIVE;
				CLANG_WARN_UNREACHABLE_CODE = YES;
				CLANG_WARN__DUPLICATE_METHOD_MATCH = YES;
				COPY_PHASE_STRIP = NO;
				DEBUG_INFORMATION_FORMAT = "dwarf-with-dsym";
				ENABLE_NS_ASSERTIONS = NO;
				ENABLE_STRICT_OBJC_MSGSEND = YES;
				GCC_C_LANGUAGE_STANDARD = gnu11;
				GCC_NO_COMMON_BLOCKS = YES;
				GCC_WARN_64_TO_32_BIT_CONVERSION = YES;
				GCC_WARN_ABOUT_RETURN_TYPE = YES_ERROR;
				GCC_WARN_UNDECLARED_SELECTOR = YES;
				GCC_WARN_UNINITIALIZED_AUTOS = YES_AGGRESSIVE;
				GCC_WARN_UNUSED_FUNCTION = YES;
				GCC_WARN_UNUSED_VARIABLE = YES;
				IPHONEOS_DEPLOYMENT_TARGET = 13.6;
				MTL_ENABLE_DEBUG_INFO = NO;
				MTL_FAST_MATH = YES;
				SDKROOT = iphoneos;
				SWIFT_COMPILATION_MODE = wholemodule;
				SWIFT_OPTIMIZATION_LEVEL = "-O";
				VALIDATE_PRODUCT = YES;
			};
			name = Release;
		};
		A36BB9AA24D050C70005CE37 /* Debug */ = {
			isa = XCBuildConfiguration;
			buildSettings = {
				ASSETCATALOG_COMPILER_APPICON_NAME = AppIcon;
				CODE_SIGN_STYLE = Automatic;
				DEVELOPMENT_TEAM = BR6U9G47ZR;
				INFOPLIST_FILE = JWPopover/Info.plist;
				LD_RUNPATH_SEARCH_PATHS = (
					"$(inherited)",
					"@executable_path/Frameworks",
				);
				PRODUCT_BUNDLE_IDENTIFIER = com.douzone.popover.JWPopover;
				PRODUCT_NAME = "$(TARGET_NAME)";
				SWIFT_VERSION = 5.0;
				TARGETED_DEVICE_FAMILY = "1,2";
			};
			name = Debug;
		};
		A36BB9AB24D050C70005CE37 /* Release */ = {
			isa = XCBuildConfiguration;
			buildSettings = {
				ASSETCATALOG_COMPILER_APPICON_NAME = AppIcon;
				CODE_SIGN_STYLE = Automatic;
				DEVELOPMENT_TEAM = BR6U9G47ZR;
				INFOPLIST_FILE = JWPopover/Info.plist;
				LD_RUNPATH_SEARCH_PATHS = (
					"$(inherited)",
					"@executable_path/Frameworks",
				);
				PRODUCT_BUNDLE_IDENTIFIER = com.douzone.popover.JWPopover;
				PRODUCT_NAME = "$(TARGET_NAME)";
				SWIFT_VERSION = 5.0;
				TARGETED_DEVICE_FAMILY = "1,2";
			};
			name = Release;
		};
/* End XCBuildConfiguration section */

/* Begin XCConfigurationList section */
		A36BB99024D050C60005CE37 /* Build configuration list for PBXProject "JWPopover" */ = {
			isa = XCConfigurationList;
			buildConfigurations = (
				A36BB9A724D050C70005CE37 /* Debug */,
				A36BB9A824D050C70005CE37 /* Release */,
			);
			defaultConfigurationIsVisible = 0;
			defaultConfigurationName = Release;
		};
		A36BB9A924D050C70005CE37 /* Build configuration list for PBXNativeTarget "JWPopover" */ = {
			isa = XCConfigurationList;
			buildConfigurations = (
				A36BB9AA24D050C70005CE37 /* Debug */,
				A36BB9AB24D050C70005CE37 /* Release */,
			);
			defaultConfigurationIsVisible = 0;
			defaultConfigurationName = Release;
		};
/* End XCConfigurationList section */
	};
	rootObject = A36BB98D24D050C60005CE37 /* Project object */;
}
